
Microsoft Visual Studio Solution File, Format Version 12.00
# Visual Studio Version 17
VisualStudioVersion = 17.14.36518.9 d17.14
MinimumVisualStudioVersion = 10.0.40219.1
Project("{FAE04EC0-301F-11D3-BF4B-00C04F79EFBC}") = "AutoszervizAdmin", "AutoszervizAdmin\AutoszervizAdmin.csproj", "{93744E01-CEC2-47CF-BBE1-C5C146D70FB7}"
EndProject
Global
	GlobalSection(SolutionConfigurationPlatforms) = preSolution
		Debug|Any CPU = Debug|Any CPU
		Release|Any CPU = Release|Any CPU
	EndGlobalSection
	GlobalSection(ProjectConfigurationPlatforms) = postSolution
		{93744E01-CEC2-47CF-BBE1-C5C146D70FB7}.Debug|Any CPU.ActiveCfg = Debug|Any CPU
		{93744E01-CEC2-47CF-BBE1-C5C146D70FB7}.Debug|Any CPU.Build.0 = Debug|Any CPU
		{93744E01-CEC2-47CF-BBE1-C5C146D70FB7}.Release|Any CPU.ActiveCfg = Release|Any CPU
		{93744E01-CEC2-47CF-BBE1-C5C146D70FB7}.Release|Any CPU.Build.0 = Release|Any CPU
	EndGlobalSection
	GlobalSection(SolutionProperties) = preSolution
		HideSolutionNode = FALSE
	EndGlobalSection
	GlobalSection(ExtensibilityGlobals) = postSolution
		SolutionGuid = {A722DC15-E275-493B-8101-B62AE78B7E4C}
	EndGlobalSection
EndGlobal
